// !$*UTF8*$!
{
	archiveVersion = 1;
	classes = {
	};
	objectVersion = 46;
	objects = {

/* Begin PBXBuildFile section */
		7916B0F01C0AE4E100505F64 /* main.m in Sources */ = {isa = PBXBuildFile; fileRef = 7916B0EF1C0AE4E100505F64 /* main.m */; };
		7916B0F31C0AE4E100505F64 /* AppDelegate.m in Sources */ = {isa = PBXBuildFile; fileRef = 7916B0F21C0AE4E100505F64 /* AppDelegate.m */; };
		7916B0F61C0AE4E100505F64 /* ViewController.m in Sources */ = {isa = PBXBuildFile; fileRef = 7916B0F51C0AE4E100505F64 /* ViewController.m */; };
		7916B0FB1C0AE4E100505F64 /* Assets.xcassets in Resources */ = {isa = PBXBuildFile; fileRef = 7916B0FA1C0AE4E100505F64 /* Assets.xcassets */; };
		7916B1091C0AE4E100505F64 /* LPCenterTextViewTests.m in Sources */ = {isa = PBXBuildFile; fileRef = 7916B1081C0AE4E100505F64 /* LPCenterTextViewTests.m */; };
		7916B1141C0AE4E100505F64 /* LPCenterTextViewUITests.m in Sources */ = {isa = PBXBuildFile; fileRef = 7916B1131C0AE4E100505F64 /* LPCenterTextViewUITests.m */; };
		E465A7C5A31FA14B6AF71F95 /* libPods.a in Frameworks */ = {isa = PBXBuildFile; fileRef = D30A882A506B28B97B3B65C1 /* libPods.a */; };
/* End PBXBuildFile section */

/* Begin PBXContainerItemProxy section */
		7916B1051C0AE4E100505F64 /* PBXContainerItemProxy */ = {
			isa = PBXContainerItemProxy;
			containerPortal = 7916B0E31C0AE4E100505F64 /* Project object */;
			proxyType = 1;
			remoteGlobalIDString = 7916B0EA1C0AE4E100505F64;
			remoteInfo = LPCenterTextView;
		};
		7916B1101C0AE4E100505F64 /* PBXContainerItemProxy */ = {
			isa = PBXContainerItemProxy;
			containerPortal = 7916B0E31C0AE4E100505F64 /* Project object */;
			proxyType = 1;
			remoteGlobalIDString = 7916B0EA1C0AE4E100505F64;
			remoteInfo = LPCenterTextView;
		};
/* End PBXContainerItemProxy section */

/* Begin PBXFileReference section */
		7916B0EB1C0AE4E100505F64 /* LPCenterTextView.app */ = {isa = PBXFileReference; explicitFileType = wrapper.application; includeInIndex = 0; path = LPCenterTextView.app; sourceTree = BUILT_PRODUCTS_DIR; };
		7916B0EF1C0AE4E100505F64 /* main.m */ = {isa = PBXFileReference; lastKnownFileType = sourcecode.c.objc; path = main.m; sourceTree = "<group>"; };
		7916B0F11C0AE4E100505F64 /* AppDelegate.h */ = {isa = PBXFileReference; lastKnownFileType = sourcecode.c.h; path = AppDelegate.h; sourceTree = "<group>"; };
		7916B0F21C0AE4E100505F64 /* AppDelegate.m */ = {isa = PBXFileReference; lastKnownFileType = sourcecode.c.objc; path = AppDelegate.m; sourceTree = "<group>"; };
		7916B0F41C0AE4E100505F64 /* ViewController.h */ = {isa = PBXFileReference; lastKnownFileType = sourcecode.c.h; path = ViewController.h; sourceTree = "<group>"; };
		7916B0F51C0AE4E100505F64 /* ViewController.m */ = {isa = PBXFileReference; lastKnownFileType = sourcecode.c.objc; path = ViewController.m; sourceTree = "<group>"; };
		7916B0FA1C0AE4E100505F64 /* Assets.xcassets */ = {isa = PBXFileReference; lastKnownFileType = folder.assetcatalog; path = Assets.xcassets; sourceTree = "<group>"; };
		7916B0FF1C0AE4E100505F64 /* Info.plist */ = {isa = PBXFileReference; lastKnownFileType = text.plist.xml; path = Info.plist; sourceTree = "<group>"; };
		7916B1041C0AE4E100505F64 /* LPCenterTextViewTests.xctest */ = {isa = PBXFileReference; explicitFileType = wrapper.cfbundle; includeInIndex = 0; path = LPCenterTextViewTests.xctest; sourceTree = BUILT_PRODUCTS_DIR; };
		7916B1081C0AE4E100505F64 /* LPCenterTextViewTests.m */ = {isa = PBXFileReference; lastKnownFileType = sourcecode.c.objc; path = LPCenterTextViewTests.m; sourceTree = "<group>"; };
		7916B10A1C0AE4E100505F64 /* Info.plist */ = {isa = PBXFileReference; lastKnownFileType = text.plist.xml; path = Info.plist; sourceTree = "<group>"; };
		7916B10F1C0AE4E100505F64 /* LPCenterTextViewUITests.xctest */ = {isa = PBXFileReference; explicitFileType = wrapper.cfbundle; includeInIndex = 0; path = LPCenterTextViewUITests.xctest; sourceTree = BUILT_PRODUCTS_DIR; };
		7916B1131C0AE4E100505F64 /* LPCenterTextViewUITests.m */ = {isa = PBXFileReference; lastKnownFileType = sourcecode.c.objc; path = LPCenterTextViewUITests.m; sourceTree = "<group>"; };
		7916B1151C0AE4E100505F64 /* Info.plist */ = {isa = PBXFileReference; lastKnownFileType = text.plist.xml; path = Info.plist; sourceTree = "<group>"; };
		AA55336105B81F3F990FA0AF /* Pods.debug.xcconfig */ = {isa = PBXFileReference; includeInIndex = 1; lastKnownFileType = text.xcconfig; name = Pods.debug.xcconfig; path = "Pods/Target Support Files/Pods/Pods.debug.xcconfig"; sourceTree = "<group>"; };
		D30A882A506B28B97B3B65C1 /* libPods.a */ = {isa = PBXFileReference; explicitFileType = archive.ar; includeInIndex = 0; path = libPods.a; sourceTree = BUILT_PRODUCTS_DIR; };
		E4E9DB1D813155FA47E92415 /* Pods.release.xcconfig */ = {isa = PBXFileReference; includeInIndex = 1; lastKnownFileType = text.xcconfig; name = Pods.release.xcconfig; path = "Pods/Target Support Files/Pods/Pods.release.xcconfig"; sourceTree = "<group>"; };
/* End PBXFileReference section */

/* Begin PBXFrameworksBuildPhase section */
		7916B0E81C0AE4E100505F64 /* Frameworks */ = {
			isa = PBXFrameworksBuildPhase;
			buildActionMask = 2147483647;
			files = (
				E465A7C5A31FA14B6AF71F95 /* libPods.a in Frameworks */,
			);
			runOnlyForDeploymentPostprocessing = 0;
		};
		7916B1011C0AE4E100505F64 /* Frameworks */ = {
			isa = PBXFrameworksBuildPhase;
			buildActionMask = 2147483647;
			files = (
			);
			runOnlyForDeploymentPostprocessing = 0;
		};
		7916B10C1C0AE4E100505F64 /* Frameworks */ = {
			isa = PBXFrameworksBuildPhase;
			buildActionMask = 2147483647;
			files = (
			);
			runOnlyForDeploymentPostprocessing = 0;
		};
/* End PBXFrameworksBuildPhase section */

/* Begin PBXGroup section */
		1A6B542A950101E64EE2E704 /* Pods */ = {
			isa = PBXGroup;
			children = (
				AA55336105B81F3F990FA0AF /* Pods.debug.xcconfig */,
				E4E9DB1D813155FA47E92415 /* Pods.release.xcconfig */,
			);
			name = Pods;
			sourceTree = "<group>";
		};
		7916B0E21C0AE4E100505F64 = {
			isa = PBXGroup;
			children = (
				7916B0ED1C0AE4E100505F64 /* LPCenterTextView */,
				7916B1071C0AE4E100505F64 /* LPCenterTextViewTests */,
				7916B1121C0AE4E100505F64 /* LPCenterTextViewUITests */,
				7916B0EC1C0AE4E100505F64 /* Products */,
				1A6B542A950101E64EE2E704 /* Pods */,
				DD662F8CD9252F3517890C56 /* Frameworks */,
			);
			sourceTree = "<group>";
		};
		7916B0EC1C0AE4E100505F64 /* Products */ = {
			isa = PBXGroup;
			children = (
				7916B0EB1C0AE4E100505F64 /* LPCenterTextView.app */,
				7916B1041C0AE4E100505F64 /* LPCenterTextViewTests.xctest */,
				7916B10F1C0AE4E100505F64 /* LPCenterTextViewUITests.xctest */,
			);
			name = Products;
			sourceTree = "<group>";
		};
		7916B0ED1C0AE4E100505F64 /* LPCenterTextView */ = {
			isa = PBXGroup;
			children = (
				7916B0F11C0AE4E100505F64 /* AppDelegate.h */,
				7916B0F21C0AE4E100505F64 /* AppDelegate.m */,
				7916B0F41C0AE4E100505F64 /* ViewController.h */,
				7916B0F51C0AE4E100505F64 /* ViewController.m */,
				7916B0FA1C0AE4E100505F64 /* Assets.xcassets */,
				7916B0FF1C0AE4E100505F64 /* Info.plist */,
				7916B0EE1C0AE4E100505F64 /* Supporting Files */,
			);
			path = LPCenterTextView;
			sourceTree = "<group>";
		};
		7916B0EE1C0AE4E100505F64 /* Supporting Files */ = {
			isa = PBXGroup;
			children = (
				7916B0EF1C0AE4E100505F64 /* main.m */,
			);
			name = "Supporting Files";
			sourceTree = "<group>";
		};
		7916B1071C0AE4E100505F64 /* LPCenterTextViewTests */ = {
			isa = PBXGroup;
			children = (
				7916B1081C0AE4E100505F64 /* LPCenterTextViewTests.m */,
				7916B10A1C0AE4E100505F64 /* Info.plist */,
			);
			path = LPCenterTextViewTests;
			sourceTree = "<group>";
		};
		7916B1121C0AE4E100505F64 /* LPCenterTextViewUITests */ = {
			isa = PBXGroup;
			children = (
				7916B1131C0AE4E100505F64 /* LPCenterTextViewUITests.m */,
				7916B1151C0AE4E100505F64 /* Info.plist */,
			);
			path = LPCenterTextViewUITests;
			sourceTree = "<group>";
		};
		DD662F8CD9252F3517890C56 /* Frameworks */ = {
			isa = PBXGroup;
			children = (
				D30A882A506B28B97B3B65C1 /* libPods.a */,
			);
			name = Frameworks;
			sourceTree = "<group>";
		};
/* End PBXGroup section */

/* Begin PBXNativeTarget section */
		7916B0EA1C0AE4E100505F64 /* LPCenterTextView */ = {
			isa = PBXNativeTarget;
			buildConfigurationList = 7916B1181C0AE4E100505F64 /* Build configuration list for PBXNativeTarget "LPCenterTextView" */;
			buildPhases = (
				881F31047C97D8C1D3CEEA8D /* Check Pods Manifest.lock */,
				7916B0E71C0AE4E100505F64 /* Sources */,
				7916B0E81C0AE4E100505F64 /* Frameworks */,
				7916B0E91C0AE4E100505F64 /* Resources */,
				D4A53A87FB49D472518D8270 /* Copy Pods Resources */,
			);
			buildRules = (
			);
			dependencies = (
			);
			name = LPCenterTextView;
			productName = LPCenterTextView;
			productReference = 7916B0EB1C0AE4E100505F64 /* LPCenterTextView.app */;
			productType = "com.apple.product-type.application";
		};
		7916B1031C0AE4E100505F64 /* LPCenterTextViewTests */ = {
			isa = PBXNativeTarget;
			buildConfigurationList = 7916B11B1C0AE4E100505F64 /* Build configuration list for PBXNativeTarget "LPCenterTextViewTests" */;
			buildPhases = (
				7916B1001C0AE4E100505F64 /* Sources */,
				7916B1011C0AE4E100505F64 /* Frameworks */,
				7916B1021C0AE4E100505F64 /* Resources */,
			);
			buildRules = (
			);
			dependencies = (
				7916B1061C0AE4E100505F64 /* PBXTargetDependency */,
			);
			name = LPCenterTextViewTests;
			productName = LPCenterTextViewTests;
			productReference = 7916B1041C0AE4E100505F64 /* LPCenterTextViewTests.xctest */;
			productType = "com.apple.product-type.bundle.unit-test";
		};
		7916B10E1C0AE4E100505F64 /* LPCenterTextViewUITests */ = {
			isa = PBXNativeTarget;
			buildConfigurationList = 7916B11E1C0AE4E100505F64 /* Build configuration list for PBXNativeTarget "LPCenterTextViewUITests" */;
			buildPhases = (
				7916B10B1C0AE4E100505F64 /* Sources */,
				7916B10C1C0AE4E100505F64 /* Frameworks */,
				7916B10D1C0AE4E100505F64 /* Resources */,
			);
			buildRules = (
			);
			dependencies = (
				7916B1111C0AE4E100505F64 /* PBXTargetDependency */,
			);
			name = LPCenterTextViewUITests;
			productName = LPCenterTextViewUITests;
			productReference = 7916B10F1C0AE4E100505F64 /* LPCenterTextViewUITests.xctest */;
			productType = "com.apple.product-type.bundle.ui-testing";
		};
/* End PBXNativeTarget section */

/* Begin PBXProject section */
		7916B0E31C0AE4E100505F64 /* Project object */ = {
			isa = PBXProject;
			attributes = {
				LastUpgradeCheck = 0710;
				ORGANIZATIONNAME = Loopeer;
				TargetAttributes = {
					7916B0EA1C0AE4E100505F64 = {
						CreatedOnToolsVersion = 7.1;
					};
					7916B1031C0AE4E100505F64 = {
						CreatedOnToolsVersion = 7.1;
						TestTargetID = 7916B0EA1C0AE4E100505F64;
					};
					7916B10E1C0AE4E100505F64 = {
						CreatedOnToolsVersion = 7.1;
						TestTargetID = 7916B0EA1C0AE4E100505F64;
					};
				};
			};
			buildConfigurationList = 7916B0E61C0AE4E100505F64 /* Build configuration list for PBXProject "LPCenterTextView" */;
			compatibilityVersion = "Xcode 3.2";
			developmentRegion = English;
			hasScannedForEncodings = 0;
			knownRegions = (
				en,
				Base,
			);
			mainGroup = 7916B0E21C0AE4E100505F64;
			productRefGroup = 7916B0EC1C0AE4E100505F64 /* Products */;
			projectDirPath = "";
			projectRoot = "";
			targets = (
				7916B0EA1C0AE4E100505F64 /* LPCenterTextView */,
				7916B1031C0AE4E100505F64 /* LPCenterTextViewTests */,
				7916B10E1C0AE4E100505F64 /* LPCenterTextViewUITests */,
			);
		};
/* End PBXProject section */

/* Begin PBXResourcesBuildPhase section */
		7916B0E91C0AE4E100505F64 /* Resources */ = {
			isa = PBXResourcesBuildPhase;
			buildActionMask = 2147483647;
			files = (
				7916B0FB1C0AE4E100505F64 /* Assets.xcassets in Resources */,
			);
			runOnlyForDeploymentPostprocessing = 0;
		};
		7916B1021C0AE4E100505F64 /* Resources */ = {
			isa = PBXResourcesBuildPhase;
			buildActionMask = 2147483647;
			files = (
			);
			runOnlyForDeploymentPostprocessing = 0;
		};
		7916B10D1C0AE4E100505F64 /* Resources */ = {
			isa = PBXResourcesBuildPhase;
			buildActionMask = 2147483647;
			files = (
			);
			runOnlyForDeploymentPostprocessing = 0;
		};
/* End PBXResourcesBuildPhase section */

/* Begin PBXShellScriptBuildPhase section */
		881F31047C97D8C1D3CEEA8D /* Check Pods Manifest.lock */ = {
			isa = PBXShellScriptBuildPhase;
			buildActionMask = 2147483647;
			files = (
			);
			inputPaths = (
			);
			name = "Check Pods Manifest.lock";
			outputPaths = (
			);
			runOnlyForDeploymentPostprocessing = 0;
			shellPath = /bin/sh;
			shellScript = "diff \"${PODS_ROOT}/../Podfile.lock\" \"${PODS_ROOT}/Manifest.lock\" > /dev/null\nif [[ $? != 0 ]] ; then\n    cat << EOM\nerror: The sandbox is not in sync with the Podfile.lock. Run 'pod install' or update your CocoaPods installation.\nEOM\n    exit 1\nfi\n";
			showEnvVarsInLog = 0;
		};
		D4A53A87FB49D472518D8270 /* Copy Pods Resources */ = {
			isa = PBXShellScriptBuildPhase;
			buildActionMask = 2147483647;
			files = (
			);
			inputPaths = (
			);
			name = "Copy Pods Resources";
			outputPaths = (
			);
			runOnlyForDeploymentPostprocessing = 0;
			shellPath = /bin/sh;
			shellScript = "\"${SRCROOT}/Pods/Target Support Files/Pods/Pods-resources.sh\"\n";
			showEnvVarsInLog = 0;
		};
/* End PBXShellScriptBuildPhase section */

/* Begin PBXSourcesBuildPhase section */
		7916B0E71C0AE4E100505F64 /* Sources */ = {
			isa = PBXSourcesBuildPhase;
			buildActionMask = 2147483647;
			files = (
				7916B0F61C0AE4E100505F64 /* ViewController.m in Sources */,
				7916B0F31C0AE4E100505F64 /* AppDelegate.m in Sources */,
				7916B0F01C0AE4E100505F64 /* main.m in Sources */,
			);
			runOnlyForDeploymentPostprocessing = 0;
		};
		7916B1001C0AE4E100505F64 /* Sources */ = {
			isa = PBXSourcesBuildPhase;
			buildActionMask = 2147483647;
			files = (
				7916B1091C0AE4E100505F64 /* LPCenterTextViewTests.m in Sources */,
			);
			runOnlyForDeploymentPostprocessing = 0;
		};
		7916B10B1C0AE4E100505F64 /* Sources */ = {
			isa = PBXSourcesBuildPhase;
			buildActionMask = 2147483647;
			files = (
				7916B1141C0AE4E100505F64 /* LPCenterTextViewUITests.m in Sources */,
			);
			runOnlyForDeploymentPostprocessing = 0;
		};
/* End PBXSourcesBuildPhase section */

/* Begin PBXTargetDependency section */
		7916B1061C0AE4E100505F64 /* PBXTargetDependency */ = {
			isa = PBXTargetDependency;
			target = 7916B0EA1C0AE4E100505F64 /* LPCenterTextView */;
			targetProxy = 7916B1051C0AE4E100505F64 /* PBXContainerItemProxy */;
		};
		7916B1111C0AE4E100505F64 /* PBXTargetDependency */ = {
			isa = PBXTargetDependency;
			target = 7916B0EA1C0AE4E100505F64 /* LPCenterTextView */;
			targetProxy = 7916B1101C0AE4E100505F64 /* PBXContainerItemProxy */;
		};
/* End PBXTargetDependency section */

/* Begin XCBuildConfiguration section */
		7916B1161C0AE4E100505F64 /* Debug */ = {
			isa = XCBuildConfiguration;
			buildSettings = {
				ALWAYS_SEARCH_USER_PATHS = NO;
				CLANG_CXX_LANGUAGE_STANDARD = "gnu++0x";
				CLANG_CXX_LIBRARY = "libc++";
				CLANG_ENABLE_MODULES = YES;
				CLANG_ENABLE_OBJC_ARC = YES;
				CLANG_WARN_BOOL_CONVERSION = YES;
				CLANG_WARN_CONSTANT_CONVERSION = YES;
				CLANG_WARN_DIRECT_OBJC_ISA_USAGE = YES_ERROR;
				CLANG_WARN_EMPTY_BODY = YES;
				CLANG_WARN_ENUM_CONVERSION = YES;
				CLANG_WARN_INT_CONVERSION = YES;
				CLANG_WARN_OBJC_ROOT_CLASS = YES_ERROR;
				CLANG_WARN_UNREACHABLE_CODE = YES;
				CLANG_WARN__DUPLICATE_METHOD_MATCH = YES;
				"CODE_SIGN_IDENTITY[sdk=iphoneos*]" = "iPhone Developer";
				COPY_PHASE_STRIP = NO;
				DEBUG_INFORMATION_FORMAT = dwarf;
				ENABLE_STRICT_OBJC_MSGSEND = YES;
				ENABLE_TESTABILITY = YES;
				GCC_C_LANGUAGE_STANDARD = gnu99;
				GCC_DYNAMIC_NO_PIC = NO;
				GCC_NO_COMMON_BLOCKS = YES;
				GCC_OPTIMIZATION_LEVEL = 0;
				GCC_PREPROCESSOR_DEFINITIONS = (
					"DEBUG=1",
					"$(inherited)",
				);
				GCC_WARN_64_TO_32_BIT_CONVERSION = YES;
				GCC_WARN_ABOUT_RETURN_TYPE = YES_ERROR;
				GCC_WARN_UNDECLARED_SELECTOR = YES;
				GCC_WARN_UNINITIALIZED_AUTOS = YES_AGGRESSIVE;
				GCC_WARN_UNUSED_FUNCTION = YES;
				GCC_WARN_UNUSED_VARIABLE = YES;
				IPHONEOS_DEPLOYMENT_TARGET = 9.1;
				MTL_ENABLE_DEBUG_INFO = YES;
				ONLY_ACTIVE_ARCH = YES;
				SDKROOT = iphoneos;
				TARGETED_DEVICE_FAMILY = "1,2";
			};
			name = Debug;
		};
		7916B1171C0AE4E100505F64 /* Release */ = {
			isa = XCBuildConfiguration;
			buildSettings = {
				ALWAYS_SEARCH_USER_PATHS = NO;
				CLANG_CXX_LANGUAGE_STANDARD = "gnu++0x";
				CLANG_CXX_LIBRARY = "libc++";
				CLANG_ENABLE_MODULES = YES;
				CLANG_ENABLE_OBJC_ARC = YES;
				CLANG_WARN_BOOL_CONVERSION = YES;
				CLANG_WARN_CONSTANT_CONVERSION = YES;
				CLANG_WARN_DIRECT_OBJC_ISA_USAGE = YES_ERROR;
				CLANG_WARN_EMPTY_BODY = YES;
				CLANG_WARN_ENUM_CONVERSION = YES;
				CLANG_WARN_INT_CONVERSION = YES;
				CLANG_WARN_OBJC_ROOT_CLASS = YES_ERROR;
				CLANG_WARN_UNREACHABLE_CODE = YES;
				CLANG_WARN__DUPLICATE_METHOD_MATCH = YES;
				"CODE_SIGN_IDENTITY[sdk=iphoneos*]" = "iPhone Developer";
				COPY_PHASE_STRIP = NO;
				DEBUG_INFORMATION_FORMAT = "dwarf-with-dsym";
				ENABLE_NS_ASSERTIONS = NO;
				ENABLE_STRICT_OBJC_MSGSEND = YES;
				GCC_C_LANGUAGE_STANDARD = gnu99;
				GCC_NO_COMMON_BLOCKS = YES;
				GCC_WARN_64_TO_32_BIT_CONVERSION = YES;
				GCC_WARN_ABOUT_RETURN_TYPE = YES_ERROR;
				GCC_WARN_UNDECLARED_SELECTOR = YES;
				GCC_WARN_UNINITIALIZED_AUTOS = YES_AGGRESSIVE;
				GCC_WARN_UNUSED_FUNCTION = YES;
				GCC_WARN_UNUSED_VARIABLE = YES;
				IPHONEOS_DEPLOYMENT_TARGET = 9.1;
				MTL_ENABLE_DEBUG_INFO = NO;
				SDKROOT = iphoneos;
				TARGETED_DEVICE_FAMILY = "1,2";
				VALIDATE_PRODUCT = YES;
			};
			name = Release;
		};
		7916B1191C0AE4E100505F64 /* Debug */ = {
			isa = XCBuildConfiguration;
			baseConfigurationReference = AA55336105B81F3F990FA0AF /* Pods.debug.xcconfig */;
			buildSettings = {
				ASSETCATALOG_COMPILER_APPICON_NAME = AppIcon;
				INFOPLIST_FILE = LPCenterTextView/Info.plist;
				LD_RUNPATH_SEARCH_PATHS = "$(inherited) @executable_path/Frameworks";
				PRODUCT_BUNDLE_IDENTIFIER = com.Loopeer.LPCenterTextView;
				PRODUCT_NAME = "$(TARGET_NAME)";
			};
			name = Debug;
		};
		7916B11A1C0AE4E100505F64 /* Release */ = {
			isa = XCBuildConfiguration;
			baseConfigurationReference = E4E9DB1D813155FA47E92415 /* Pods.release.xcconfig */;
			buildSettings = {
				ASSETCATALOG_COMPILER_APPICON_NAME = AppIcon;
				INFOPLIST_FILE = LPCenterTextView/Info.plist;
				LD_RUNPATH_SEARCH_PATHS = "$(inherited) @executable_path/Frameworks";
				PRODUCT_BUNDLE_IDENTIFIER = com.Loopeer.LPCenterTextView;
				PRODUCT_NAME = "$(TARGET_NAME)";
			};
			name = Release;
		};
		7916B11C1C0AE4E100505F64 /* Debug */ = {
			isa = XCBuildConfiguration;
			buildSettings = {
				BUNDLE_LOADER = "$(TEST_HOST)";
				INFOPLIST_FILE = LPCenterTextViewTests/Info.plist;
				LD_RUNPATH_SEARCH_PATHS = "$(inherited) @executable_path/Frameworks @loader_path/Frameworks";
				PRODUCT_BUNDLE_IDENTIFIER = com.Loopeer.LPCenterTextViewTests;
				PRODUCT_NAME = "$(TARGET_NAME)";
				TEST_HOST = "$(BUILT_PRODUCTS_DIR)/LPCenterTextView.app/LPCenterTextView";
			};
			name = Debug;
		};
		7916B11D1C0AE4E100505F64 /* Release */ = {
			isa = XCBuildConfiguration;
			buildSettings = {
				BUNDLE_LOADER = "$(TEST_HOST)";
				INFOPLIST_FILE = LPCenterTextViewTests/Info.plist;
				LD_RUNPATH_SEARCH_PATHS = "$(inherited) @executable_path/Frameworks @loader_path/Frameworks";
				PRODUCT_BUNDLE_IDENTIFIER = com.Loopeer.LPCenterTextViewTests;
				PRODUCT_NAME = "$(TARGET_NAME)";
				TEST_HOST = "$(BUILT_PRODUCTS_DIR)/LPCenterTextView.app/LPCenterTextView";
			};
			name = Release;
		};
		7916B11F1C0AE4E100505F64 /* Debug */ = {
			isa = XCBuildConfiguration;
			buildSettings = {
				INFOPLIST_FILE = LPCenterTextViewUITests/Info.plist;
				LD_RUNPATH_SEARCH_PATHS = "$(inherited) @executable_path/Frameworks @loader_path/Frameworks";
				PRODUCT_BUNDLE_IDENTIFIER = com.Loopeer.LPCenterTextViewUITests;
				PRODUCT_NAME = "$(TARGET_NAME)";
				TEST_TARGET_NAME = LPCenterTextView;
				USES_XCTRUNNER = YES;
			};
			name = Debug;
		};
		7916B1201C0AE4E100505F64 /* Release */ = {
			isa = XCBuildConfiguration;
			buildSettings = {
				INFOPLIST_FILE = LPCenterTextViewUITests/Info.plist;
				LD_RUNPATH_SEARCH_PATHS = "$(inherited) @executable_path/Frameworks @loader_path/Frameworks";
				PRODUCT_BUNDLE_IDENTIFIER = com.Loopeer.LPCenterTextViewUITests;
				PRODUCT_NAME = "$(TARGET_NAME)";
				TEST_TARGET_NAME = LPCenterTextView;
				USES_XCTRUNNER = YES;
			};
			name = Release;
		};
/* End XCBuildConfiguration section */

/* Begin XCConfigurationList section */
		7916B0E61C0AE4E100505F64 /* Build configuration list for PBXProject "LPCenterTextView" */ = {
			isa = XCConfigurationList;
			buildConfigurations = (
				7916B1161C0AE4E100505F64 /* Debug */,
				7916B1171C0AE4E100505F64 /* Release */,
			);
			defaultConfigurationIsVisible = 0;
			defaultConfigurationName = Release;
		};
		7916B1181C0AE4E100505F64 /* Build configuration list for PBXNativeTarget "LPCenterTextView" */ = {
			isa = XCConfigurationList;
			buildConfigurations = (
				7916B1191C0AE4E100505F64 /* Debug */,
				7916B11A1C0AE4E100505F64 /* Release */,
			);
			defaultConfigurationIsVisible = 0;
			defaultConfigurationName = Release;
		};
		7916B11B1C0AE4E100505F64 /* Build configuration list for PBXNativeTarget "LPCenterTextViewTests" */ = {
			isa = XCConfigurationList;
			buildConfigurations = (
				7916B11C1C0AE4E100505F64 /* Debug */,
				7916B11D1C0AE4E100505F64 /* Release */,
			);
			defaultConfigurationIsVisible = 0;
			defaultConfigurationName = Release;
		};
		7916B11E1C0AE4E100505F64 /* Build configuration list for PBXNativeTarget "LPCenterTextViewUITests" */ = {
			isa = XCConfigurationList;
			buildConfigurations = (
				7916B11F1C0AE4E100505F64 /* Debug */,
				7916B1201C0AE4E100505F64 /* Release */,
			);
			defaultConfigurationIsVisible = 0;
			defaultConfigurationName = Release;
		};
/* End XCConfigurationList section */
	};
	rootObject = 7916B0E31C0AE4E100505F64 /* Project object */;
}
